// !$*UTF8*$!
{
	archiveVersion = 1;
	classes = {
	};
	objectVersion = 56;
	objects = {

/* Begin PBXBuildFile section */
		DE087B41285D2A0D009F6477 /* GetAllSharedBikesUseCaseProtocol.swift in Sources */ = {isa = PBXBuildFile; fileRef = DE087B40285D2A0D009F6477 /* GetAllSharedBikesUseCaseProtocol.swift */; };
		DE087B43285D2AE6009F6477 /* SharedBikesRepositoryProtocol.swift in Sources */ = {isa = PBXBuildFile; fileRef = DE087B42285D2AE6009F6477 /* SharedBikesRepositoryProtocol.swift */; };
		DE087B46285D2ED7009F6477 /* IocShareBikesContainer.swift in Sources */ = {isa = PBXBuildFile; fileRef = DE087B45285D2ED7009F6477 /* IocShareBikesContainer.swift */; };
		DE087B4D285D361F009F6477 /* Resolver.swift in Sources */ = {isa = PBXBuildFile; fileRef = DE087B4C285D361F009F6477 /* Resolver.swift */; };
		DE087B50285D3B07009F6477 /* SharedBikesDataSourceProtocol.swift in Sources */ = {isa = PBXBuildFile; fileRef = DE087B4F285D3B07009F6477 /* SharedBikesDataSourceProtocol.swift */; };
		DE087B52285D3BA9009F6477 /* CoreDataWrapperProtocol.swift in Sources */ = {isa = PBXBuildFile; fileRef = DE087B51285D3BA9009F6477 /* CoreDataWrapperProtocol.swift */; };
		DE087B55285D3C40009F6477 /* CoreDataError.swift in Sources */ = {isa = PBXBuildFile; fileRef = DE087B54285D3C40009F6477 /* CoreDataError.swift */; };
		DE087B58285D3E98009F6477 /* SharedBikesError.swift in Sources */ = {isa = PBXBuildFile; fileRef = DE087B57285D3E98009F6477 /* SharedBikesError.swift */; };
		DE087B5A285D3F8C009F6477 /* SharedBikes.swift in Sources */ = {isa = PBXBuildFile; fileRef = DE087B59285D3F8C009F6477 /* SharedBikes.swift */; };
		DE087B5E285D61C3009F6477 /* GetAllSharedBikes.swift in Sources */ = {isa = PBXBuildFile; fileRef = DE087B5D285D61C3009F6477 /* GetAllSharedBikes.swift */; };
		DE087B60285D70B4009F6477 /* SharedBikesListViewModel.swift in Sources */ = {isa = PBXBuildFile; fileRef = DE087B5F285D70B4009F6477 /* SharedBikesListViewModel.swift */; };
		DE087B63285D7A2C009F6477 /* SharedBikesRepository.swift in Sources */ = {isa = PBXBuildFile; fileRef = DE087B62285D7A2C009F6477 /* SharedBikesRepository.swift */; };
		DE3EF5F6285D7C3300A8EE8E /* Swinject in Frameworks */ = {isa = PBXBuildFile; productRef = DE3EF5F5285D7C3300A8EE8E /* Swinject */; };
		DE3EF5F8285D7F4B00A8EE8E /* NetworkSharedBikesDataSource.swift in Sources */ = {isa = PBXBuildFile; fileRef = DE3EF5F7285D7F4B00A8EE8E /* NetworkSharedBikesDataSource.swift */; };
		DE533875285AD6C900BF1DD3 /* GoSwiftApp.swift in Sources */ = {isa = PBXBuildFile; fileRef = DE533874285AD6C900BF1DD3 /* GoSwiftApp.swift */; };
		DE533877285AD6C900BF1DD3 /* Persistence.swift in Sources */ = {isa = PBXBuildFile; fileRef = DE533876285AD6C900BF1DD3 /* Persistence.swift */; };
		DE53387A285AD6C900BF1DD3 /* GoSwift.xcdatamodeld in Sources */ = {isa = PBXBuildFile; fileRef = DE533878285AD6C900BF1DD3 /* GoSwift.xcdatamodeld */; };
		DE53387C285AD6C900BF1DD3 /* CoreDataView.swift in Sources */ = {isa = PBXBuildFile; fileRef = DE53387B285AD6C900BF1DD3 /* CoreDataView.swift */; };
		DE53387E285AD6C900BF1DD3 /* Assets.xcassets in Resources */ = {isa = PBXBuildFile; fileRef = DE53387D285AD6C900BF1DD3 /* Assets.xcassets */; };
		DE533882285AD6C900BF1DD3 /* Preview Assets.xcassets in Resources */ = {isa = PBXBuildFile; fileRef = DE533881285AD6C900BF1DD3 /* Preview Assets.xcassets */; };
		DE53388C285AD6C900BF1DD3 /* GoSwiftTests.swift in Sources */ = {isa = PBXBuildFile; fileRef = DE53388B285AD6C900BF1DD3 /* GoSwiftTests.swift */; };
		DE533896285AD6C900BF1DD3 /* GoSwiftUITests.swift in Sources */ = {isa = PBXBuildFile; fileRef = DE533895285AD6C900BF1DD3 /* GoSwiftUITests.swift */; };
		DE533898285AD6C900BF1DD3 /* GoSwiftUITestsLaunchTests.swift in Sources */ = {isa = PBXBuildFile; fileRef = DE533897285AD6C900BF1DD3 /* GoSwiftUITestsLaunchTests.swift */; };
		DE5338A5285AD85B00BF1DD3 /* ContentView.swift in Sources */ = {isa = PBXBuildFile; fileRef = DE5338A4285AD85B00BF1DD3 /* ContentView.swift */; };
		DE5338B5285AD9BE00BF1DD3 /* SharedBikesViewModel.swift in Sources */ = {isa = PBXBuildFile; fileRef = DE5338A7285AD9BE00BF1DD3 /* SharedBikesViewModel.swift */; };
		DE5338B6285AD9BE00BF1DD3 /* RentalUris.swift in Sources */ = {isa = PBXBuildFile; fileRef = DE5338AA285AD9BE00BF1DD3 /* RentalUris.swift */; };
		DE5338B7285AD9BE00BF1DD3 /* StationType.swift in Sources */ = {isa = PBXBuildFile; fileRef = DE5338AB285AD9BE00BF1DD3 /* StationType.swift */; };
		DE5338B8285AD9BE00BF1DD3 /* StationInfo.swift in Sources */ = {isa = PBXBuildFile; fileRef = DE5338AC285AD9BE00BF1DD3 /* StationInfo.swift */; };
		DE5338B9285AD9BE00BF1DD3 /* RentalMethod.swift in Sources */ = {isa = PBXBuildFile; fileRef = DE5338AD285AD9BE00BF1DD3 /* RentalMethod.swift */; };
		DE5338BA285AD9BE00BF1DD3 /* JSONSchemaSupport.swift in Sources */ = {isa = PBXBuildFile; fileRef = DE5338AE285AD9BE00BF1DD3 /* JSONSchemaSupport.swift */; };
		DE5338BB285AD9BE00BF1DD3 /* Station.swift in Sources */ = {isa = PBXBuildFile; fileRef = DE5338AF285AD9BE00BF1DD3 /* Station.swift */; };
		DE5338BC285AD9BE00BF1DD3 /* StationDataClass.swift in Sources */ = {isa = PBXBuildFile; fileRef = DE5338B0285AD9BE00BF1DD3 /* StationDataClass.swift */; };
		DE5338BD285AD9BE00BF1DD3 /* SharedBikeService.swift in Sources */ = {isa = PBXBuildFile; fileRef = DE5338B1285AD9BE00BF1DD3 /* SharedBikeService.swift */; };
		DE5338BE285AD9BE00BF1DD3 /* SysInfoDataClass.swift in Sources */ = {isa = PBXBuildFile; fileRef = DE5338B3285AD9BE00BF1DD3 /* SysInfoDataClass.swift */; };
		DE5338BF285AD9BE00BF1DD3 /* SystemInfo.swift in Sources */ = {isa = PBXBuildFile; fileRef = DE5338B4285AD9BE00BF1DD3 /* SystemInfo.swift */; };
		DE5338C2285BE2E400BF1DD3 /* BikeMapView.swift in Sources */ = {isa = PBXBuildFile; fileRef = DE5338C1285BE2E400BF1DD3 /* BikeMapView.swift */; };
		DE5338C4285BF7D600BF1DD3 /* TestView.swift in Sources */ = {isa = PBXBuildFile; fileRef = DE5338C3285BF7D600BF1DD3 /* TestView.swift */; };
		DE5338C8285C041C00BF1DD3 /* BikeListView.swift in Sources */ = {isa = PBXBuildFile; fileRef = DE5338C7285C041C00BF1DD3 /* BikeListView.swift */; };
/* End PBXBuildFile section */

/* Begin PBXContainerItemProxy section */
		DE533888285AD6C900BF1DD3 /* PBXContainerItemProxy */ = {
			isa = PBXContainerItemProxy;
			containerPortal = DE533869285AD6C900BF1DD3 /* Project object */;
			proxyType = 1;
			remoteGlobalIDString = DE533870285AD6C900BF1DD3;
			remoteInfo = GoSwift;
		};
		DE533892285AD6C900BF1DD3 /* PBXContainerItemProxy */ = {
			isa = PBXContainerItemProxy;
			containerPortal = DE533869285AD6C900BF1DD3 /* Project object */;
			proxyType = 1;
			remoteGlobalIDString = DE533870285AD6C900BF1DD3;
			remoteInfo = GoSwift;
		};
/* End PBXContainerItemProxy section */

/* Begin PBXFileReference section */
		DE087B40285D2A0D009F6477 /* GetAllSharedBikesUseCaseProtocol.swift */ = {isa = PBXFileReference; lastKnownFileType = sourcecode.swift; path = GetAllSharedBikesUseCaseProtocol.swift; sourceTree = "<group>"; };
		DE087B42285D2AE6009F6477 /* SharedBikesRepositoryProtocol.swift */ = {isa = PBXFileReference; lastKnownFileType = sourcecode.swift; path = SharedBikesRepositoryProtocol.swift; sourceTree = "<group>"; };
		DE087B45285D2ED7009F6477 /* IocShareBikesContainer.swift */ = {isa = PBXFileReference; lastKnownFileType = sourcecode.swift; path = IocShareBikesContainer.swift; sourceTree = "<group>"; };
		DE087B4C285D361F009F6477 /* Resolver.swift */ = {isa = PBXFileReference; lastKnownFileType = sourcecode.swift; path = Resolver.swift; sourceTree = "<group>"; };
		DE087B4F285D3B07009F6477 /* SharedBikesDataSourceProtocol.swift */ = {isa = PBXFileReference; lastKnownFileType = sourcecode.swift; path = SharedBikesDataSourceProtocol.swift; sourceTree = "<group>"; };
		DE087B51285D3BA9009F6477 /* CoreDataWrapperProtocol.swift */ = {isa = PBXFileReference; lastKnownFileType = sourcecode.swift; path = CoreDataWrapperProtocol.swift; sourceTree = "<group>"; };
		DE087B54285D3C40009F6477 /* CoreDataError.swift */ = {isa = PBXFileReference; lastKnownFileType = sourcecode.swift; path = CoreDataError.swift; sourceTree = "<group>"; };
		DE087B57285D3E98009F6477 /* SharedBikesError.swift */ = {isa = PBXFileReference; lastKnownFileType = sourcecode.swift; path = SharedBikesError.swift; sourceTree = "<group>"; };
		DE087B59285D3F8C009F6477 /* SharedBikes.swift */ = {isa = PBXFileReference; lastKnownFileType = sourcecode.swift; path = SharedBikes.swift; sourceTree = "<group>"; };
		DE087B5D285D61C3009F6477 /* GetAllSharedBikes.swift */ = {isa = PBXFileReference; lastKnownFileType = sourcecode.swift; path = GetAllSharedBikes.swift; sourceTree = "<group>"; };
		DE087B5F285D70B4009F6477 /* SharedBikesListViewModel.swift */ = {isa = PBXFileReference; lastKnownFileType = sourcecode.swift; path = SharedBikesListViewModel.swift; sourceTree = "<group>"; };
		DE087B62285D7A2C009F6477 /* SharedBikesRepository.swift */ = {isa = PBXFileReference; lastKnownFileType = sourcecode.swift; path = SharedBikesRepository.swift; sourceTree = "<group>"; };
		DE3EF5F7285D7F4B00A8EE8E /* NetworkSharedBikesDataSource.swift */ = {isa = PBXFileReference; lastKnownFileType = sourcecode.swift; path = NetworkSharedBikesDataSource.swift; sourceTree = "<group>"; };
		DE533871285AD6C900BF1DD3 /* GoSwift.app */ = {isa = PBXFileReference; explicitFileType = wrapper.application; includeInIndex = 0; path = GoSwift.app; sourceTree = BUILT_PRODUCTS_DIR; };
		DE533874285AD6C900BF1DD3 /* GoSwiftApp.swift */ = {isa = PBXFileReference; lastKnownFileType = sourcecode.swift; path = GoSwiftApp.swift; sourceTree = "<group>"; };
		DE533876285AD6C900BF1DD3 /* Persistence.swift */ = {isa = PBXFileReference; lastKnownFileType = sourcecode.swift; path = Persistence.swift; sourceTree = "<group>"; };
		DE533879285AD6C900BF1DD3 /* GoSwift.xcdatamodel */ = {isa = PBXFileReference; lastKnownFileType = wrapper.xcdatamodel; path = GoSwift.xcdatamodel; sourceTree = "<group>"; };
		DE53387B285AD6C900BF1DD3 /* CoreDataView.swift */ = {isa = PBXFileReference; lastKnownFileType = sourcecode.swift; path = CoreDataView.swift; sourceTree = "<group>"; };
		DE53387D285AD6C900BF1DD3 /* Assets.xcassets */ = {isa = PBXFileReference; lastKnownFileType = folder.assetcatalog; path = Assets.xcassets; sourceTree = "<group>"; };
		DE53387F285AD6C900BF1DD3 /* GoSwift.entitlements */ = {isa = PBXFileReference; lastKnownFileType = text.plist.entitlements; path = GoSwift.entitlements; sourceTree = "<group>"; };
		DE533881285AD6C900BF1DD3 /* Preview Assets.xcassets */ = {isa = PBXFileReference; lastKnownFileType = folder.assetcatalog; path = "Preview Assets.xcassets"; sourceTree = "<group>"; };
		DE533887285AD6C900BF1DD3 /* GoSwiftTests.xctest */ = {isa = PBXFileReference; explicitFileType = wrapper.cfbundle; includeInIndex = 0; path = GoSwiftTests.xctest; sourceTree = BUILT_PRODUCTS_DIR; };
		DE53388B285AD6C900BF1DD3 /* GoSwiftTests.swift */ = {isa = PBXFileReference; lastKnownFileType = sourcecode.swift; path = GoSwiftTests.swift; sourceTree = "<group>"; };
		DE533891285AD6C900BF1DD3 /* GoSwiftUITests.xctest */ = {isa = PBXFileReference; explicitFileType = wrapper.cfbundle; includeInIndex = 0; path = GoSwiftUITests.xctest; sourceTree = BUILT_PRODUCTS_DIR; };
		DE533895285AD6C900BF1DD3 /* GoSwiftUITests.swift */ = {isa = PBXFileReference; lastKnownFileType = sourcecode.swift; path = GoSwiftUITests.swift; sourceTree = "<group>"; };
		DE533897285AD6C900BF1DD3 /* GoSwiftUITestsLaunchTests.swift */ = {isa = PBXFileReference; lastKnownFileType = sourcecode.swift; path = GoSwiftUITestsLaunchTests.swift; sourceTree = "<group>"; };
		DE5338A4285AD85B00BF1DD3 /* ContentView.swift */ = {isa = PBXFileReference; lastKnownFileType = sourcecode.swift; path = ContentView.swift; sourceTree = "<group>"; };
		DE5338A7285AD9BE00BF1DD3 /* SharedBikesViewModel.swift */ = {isa = PBXFileReference; fileEncoding = 4; lastKnownFileType = sourcecode.swift; path = SharedBikesViewModel.swift; sourceTree = "<group>"; };
		DE5338AA285AD9BE00BF1DD3 /* RentalUris.swift */ = {isa = PBXFileReference; fileEncoding = 4; lastKnownFileType = sourcecode.swift; path = RentalUris.swift; sourceTree = "<group>"; };
		DE5338AB285AD9BE00BF1DD3 /* StationType.swift */ = {isa = PBXFileReference; fileEncoding = 4; lastKnownFileType = sourcecode.swift; path = StationType.swift; sourceTree = "<group>"; };
		DE5338AC285AD9BE00BF1DD3 /* StationInfo.swift */ = {isa = PBXFileReference; fileEncoding = 4; lastKnownFileType = sourcecode.swift; path = StationInfo.swift; sourceTree = "<group>"; };
		DE5338AD285AD9BE00BF1DD3 /* RentalMethod.swift */ = {isa = PBXFileReference; fileEncoding = 4; lastKnownFileType = sourcecode.swift; path = RentalMethod.swift; sourceTree = "<group>"; };
		DE5338AE285AD9BE00BF1DD3 /* JSONSchemaSupport.swift */ = {isa = PBXFileReference; fileEncoding = 4; lastKnownFileType = sourcecode.swift; path = JSONSchemaSupport.swift; sourceTree = "<group>"; };
		DE5338AF285AD9BE00BF1DD3 /* Station.swift */ = {isa = PBXFileReference; fileEncoding = 4; lastKnownFileType = sourcecode.swift; path = Station.swift; sourceTree = "<group>"; };
		DE5338B0285AD9BE00BF1DD3 /* StationDataClass.swift */ = {isa = PBXFileReference; fileEncoding = 4; lastKnownFileType = sourcecode.swift; path = StationDataClass.swift; sourceTree = "<group>"; };
		DE5338B1285AD9BE00BF1DD3 /* SharedBikeService.swift */ = {isa = PBXFileReference; fileEncoding = 4; lastKnownFileType = sourcecode.swift; path = SharedBikeService.swift; sourceTree = "<group>"; };
		DE5338B3285AD9BE00BF1DD3 /* SysInfoDataClass.swift */ = {isa = PBXFileReference; fileEncoding = 4; lastKnownFileType = sourcecode.swift; path = SysInfoDataClass.swift; sourceTree = "<group>"; };
		DE5338B4285AD9BE00BF1DD3 /* SystemInfo.swift */ = {isa = PBXFileReference; fileEncoding = 4; lastKnownFileType = sourcecode.swift; path = SystemInfo.swift; sourceTree = "<group>"; };
		DE5338C1285BE2E400BF1DD3 /* BikeMapView.swift */ = {isa = PBXFileReference; lastKnownFileType = sourcecode.swift; path = BikeMapView.swift; sourceTree = "<group>"; };
		DE5338C3285BF7D600BF1DD3 /* TestView.swift */ = {isa = PBXFileReference; lastKnownFileType = sourcecode.swift; path = TestView.swift; sourceTree = "<group>"; };
		DE5338C7285C041C00BF1DD3 /* BikeListView.swift */ = {isa = PBXFileReference; lastKnownFileType = sourcecode.swift; path = BikeListView.swift; sourceTree = "<group>"; };
/* End PBXFileReference section */

/* Begin PBXFrameworksBuildPhase section */
		DE53386E285AD6C900BF1DD3 /* Frameworks */ = {
			isa = PBXFrameworksBuildPhase;
			buildActionMask = 2147483647;
			files = (
				DE3EF5F6285D7C3300A8EE8E /* Swinject in Frameworks */,
			);
			runOnlyForDeploymentPostprocessing = 0;
		};
		DE533884285AD6C900BF1DD3 /* Frameworks */ = {
			isa = PBXFrameworksBuildPhase;
			buildActionMask = 2147483647;
			files = (
			);
			runOnlyForDeploymentPostprocessing = 0;
		};
		DE53388E285AD6C900BF1DD3 /* Frameworks */ = {
			isa = PBXFrameworksBuildPhase;
			buildActionMask = 2147483647;
			files = (
			);
			runOnlyForDeploymentPostprocessing = 0;
		};
/* End PBXFrameworksBuildPhase section */

/* Begin PBXGroup section */
		DE087B3E285D29C7009F6477 /* UseCases */ = {
			isa = PBXGroup;
			children = (
				DE087B3F285D29E2009F6477 /* ShareBikes */,
			);
			path = UseCases;
			sourceTree = "<group>";
		};
		DE087B3F285D29E2009F6477 /* ShareBikes */ = {
			isa = PBXGroup;
			children = (
				DE087B40285D2A0D009F6477 /* GetAllSharedBikesUseCaseProtocol.swift */,
			);
			path = ShareBikes;
			sourceTree = "<group>";
		};
		DE087B44285D2E8F009F6477 /* DI */ = {
			isa = PBXGroup;
			children = (
				DE087B45285D2ED7009F6477 /* IocShareBikesContainer.swift */,
				DE087B4C285D361F009F6477 /* Resolver.swift */,
			);
			path = DI;
			sourceTree = "<group>";
		};
		DE087B4E285D38E7009F6477 /* CoreData */ = {
			isa = PBXGroup;
			children = (
			);
			path = CoreData;
			sourceTree = "<group>";
		};
		DE087B53285D3C1D009F6477 /* Errors */ = {
			isa = PBXGroup;
			children = (
				DE087B54285D3C40009F6477 /* CoreDataError.swift */,
			);
			path = Errors;
			sourceTree = "<group>";
		};
		DE087B56285D3E6A009F6477 /* Errors */ = {
			isa = PBXGroup;
			children = (
				DE087B57285D3E98009F6477 /* SharedBikesError.swift */,
			);
			path = Errors;
			sourceTree = "<group>";
		};
		DE087B5B285D50A9009F6477 /* List */ = {
			isa = PBXGroup;
			children = (
				DE5338C7285C041C00BF1DD3 /* BikeListView.swift */,
				DE087B5F285D70B4009F6477 /* SharedBikesListViewModel.swift */,
			);
			path = List;
			sourceTree = "<group>";
		};
		DE087B5C285D61A0009F6477 /* UseCases */ = {
			isa = PBXGroup;
			children = (
				DE087B5D285D61C3009F6477 /* GetAllSharedBikes.swift */,
			);
			path = UseCases;
			sourceTree = "<group>";
		};
		DE087B61285D79FF009F6477 /* Repositories */ = {
			isa = PBXGroup;
			children = (
				DE087B62285D7A2C009F6477 /* SharedBikesRepository.swift */,
			);
			path = Repositories;
			sourceTree = "<group>";
		};
		DE533868285AD6C900BF1DD3 = {
			isa = PBXGroup;
			children = (
				DE533873285AD6C900BF1DD3 /* GoSwift */,
				DE53388A285AD6C900BF1DD3 /* GoSwiftTests */,
				DE533894285AD6C900BF1DD3 /* GoSwiftUITests */,
				DE533872285AD6C900BF1DD3 /* Products */,
			);
			sourceTree = "<group>";
		};
		DE533872285AD6C900BF1DD3 /* Products */ = {
			isa = PBXGroup;
			children = (
				DE533871285AD6C900BF1DD3 /* GoSwift.app */,
				DE533887285AD6C900BF1DD3 /* GoSwiftTests.xctest */,
				DE533891285AD6C900BF1DD3 /* GoSwiftUITests.xctest */,
			);
			name = Products;
			sourceTree = "<group>";
		};
		DE533873285AD6C900BF1DD3 /* GoSwift */ = {
			isa = PBXGroup;
			children = (
				DE087B44285D2E8F009F6477 /* DI */,
				DE5338CA285C22D800BF1DD3 /* Data */,
				DE5338C9285C22C600BF1DD3 /* Domain */,
				DE5338C0285BE27F00BF1DD3 /* Presentation */,
				DE533874285AD6C900BF1DD3 /* GoSwiftApp.swift */,
				DE533876285AD6C900BF1DD3 /* Persistence.swift */,
				DE5338A4285AD85B00BF1DD3 /* ContentView.swift */,
				DE53387D285AD6C900BF1DD3 /* Assets.xcassets */,
				DE53387F285AD6C900BF1DD3 /* GoSwift.entitlements */,
				DE533878285AD6C900BF1DD3 /* GoSwift.xcdatamodeld */,
				DE533880285AD6C900BF1DD3 /* Preview Content */,
			);
			path = GoSwift;
			sourceTree = "<group>";
		};
		DE533880285AD6C900BF1DD3 /* Preview Content */ = {
			isa = PBXGroup;
			children = (
				DE533881285AD6C900BF1DD3 /* Preview Assets.xcassets */,
			);
			path = "Preview Content";
			sourceTree = "<group>";
		};
		DE53388A285AD6C900BF1DD3 /* GoSwiftTests */ = {
			isa = PBXGroup;
			children = (
				DE53388B285AD6C900BF1DD3 /* GoSwiftTests.swift */,
			);
			path = GoSwiftTests;
			sourceTree = "<group>";
		};
		DE533894285AD6C900BF1DD3 /* GoSwiftUITests */ = {
			isa = PBXGroup;
			children = (
				DE533895285AD6C900BF1DD3 /* GoSwiftUITests.swift */,
				DE533897285AD6C900BF1DD3 /* GoSwiftUITestsLaunchTests.swift */,
			);
			path = GoSwiftUITests;
			sourceTree = "<group>";
		};
		DE5338A6285AD9BE00BF1DD3 /* Models */ = {
			isa = PBXGroup;
			children = (
				DE5338A7285AD9BE00BF1DD3 /* SharedBikesViewModel.swift */,
				DE087B59285D3F8C009F6477 /* SharedBikes.swift */,
			);
			path = Models;
			sourceTree = "<group>";
		};
		DE5338A8285AD9BE00BF1DD3 /* SharedBikeService */ = {
			isa = PBXGroup;
			children = (
				DE5338B1285AD9BE00BF1DD3 /* SharedBikeService.swift */,
				DE5338A9285AD9BE00BF1DD3 /* StationInfo */,
				DE5338B2285AD9BE00BF1DD3 /* SystemInfo */,
			);
			path = SharedBikeService;
			sourceTree = "<group>";
		};
		DE5338A9285AD9BE00BF1DD3 /* StationInfo */ = {
			isa = PBXGroup;
			children = (
				DE5338AA285AD9BE00BF1DD3 /* RentalUris.swift */,
				DE5338AB285AD9BE00BF1DD3 /* StationType.swift */,
				DE5338AC285AD9BE00BF1DD3 /* StationInfo.swift */,
				DE5338AD285AD9BE00BF1DD3 /* RentalMethod.swift */,
				DE5338AE285AD9BE00BF1DD3 /* JSONSchemaSupport.swift */,
				DE5338AF285AD9BE00BF1DD3 /* Station.swift */,
				DE5338B0285AD9BE00BF1DD3 /* StationDataClass.swift */,
			);
			path = StationInfo;
			sourceTree = "<group>";
		};
		DE5338B2285AD9BE00BF1DD3 /* SystemInfo */ = {
			isa = PBXGroup;
			children = (
				DE5338B3285AD9BE00BF1DD3 /* SysInfoDataClass.swift */,
				DE5338B4285AD9BE00BF1DD3 /* SystemInfo.swift */,
			);
			path = SystemInfo;
			sourceTree = "<group>";
		};
		DE5338C0285BE27F00BF1DD3 /* Presentation */ = {
			isa = PBXGroup;
			children = (
				DE087B5B285D50A9009F6477 /* List */,
				DE5338CF285C25C900BF1DD3 /* CoreData */,
				DE5338CE285C25BA00BF1DD3 /* Map */,
				DE5338C3285BF7D600BF1DD3 /* TestView.swift */,
			);
			path = Presentation;
			sourceTree = "<group>";
		};
		DE5338C9285C22C600BF1DD3 /* Domain */ = {
			isa = PBXGroup;
			children = (
				DE087B61285D79FF009F6477 /* Repositories */,
				DE087B5C285D61A0009F6477 /* UseCases */,
				DE087B56285D3E6A009F6477 /* Errors */,
				DE5338D2285C283400BF1DD3 /* Protocols */,
				DE5338A6285AD9BE00BF1DD3 /* Models */,
			);
			path = Domain;
			sourceTree = "<group>";
		};
		DE5338CA285C22D800BF1DD3 /* Data */ = {
			isa = PBXGroup;
			children = (
				DE087B53285D3C1D009F6477 /* Errors */,
				DE5338D0285C27C000BF1DD3 /* Protocols */,
				DE5338CB285C255C00BF1DD3 /* DataSources */,
			);
			path = Data;
			sourceTree = "<group>";
		};
		DE5338CB285C255C00BF1DD3 /* DataSources */ = {
			isa = PBXGroup;
			children = (
				DE087B4E285D38E7009F6477 /* CoreData */,
				DE5338CC285C258100BF1DD3 /* NetworkSource */,
			);
			path = DataSources;
			sourceTree = "<group>";
		};
		DE5338CC285C258100BF1DD3 /* NetworkSource */ = {
			isa = PBXGroup;
			children = (
				DE5338A8285AD9BE00BF1DD3 /* SharedBikeService */,
				DE3EF5F7285D7F4B00A8EE8E /* NetworkSharedBikesDataSource.swift */,
			);
			path = NetworkSource;
			sourceTree = "<group>";
		};
		DE5338CE285C25BA00BF1DD3 /* Map */ = {
			isa = PBXGroup;
			children = (
				DE5338C1285BE2E400BF1DD3 /* BikeMapView.swift */,
			);
			path = Map;
			sourceTree = "<group>";
		};
		DE5338CF285C25C900BF1DD3 /* CoreData */ = {
			isa = PBXGroup;
			children = (
				DE53387B285AD6C900BF1DD3 /* CoreDataView.swift */,
			);
			path = CoreData;
			sourceTree = "<group>";
		};
		DE5338D0285C27C000BF1DD3 /* Protocols */ = {
			isa = PBXGroup;
			children = (
				DE5338D1285C27D700BF1DD3 /* Wappers */,
				DE087B4F285D3B07009F6477 /* SharedBikesDataSourceProtocol.swift */,
			);
			path = Protocols;
			sourceTree = "<group>";
		};
		DE5338D1285C27D700BF1DD3 /* Wappers */ = {
			isa = PBXGroup;
			children = (
				DE087B51285D3BA9009F6477 /* CoreDataWrapperProtocol.swift */,
			);
			path = Wappers;
			sourceTree = "<group>";
		};
		DE5338D2285C283400BF1DD3 /* Protocols */ = {
			isa = PBXGroup;
			children = (
				DE5338D3285C285A00BF1DD3 /* Repositories */,
				DE087B3E285D29C7009F6477 /* UseCases */,
			);
			path = Protocols;
			sourceTree = "<group>";
		};
		DE5338D3285C285A00BF1DD3 /* Repositories */ = {
			isa = PBXGroup;
			children = (
				DE087B42285D2AE6009F6477 /* SharedBikesRepositoryProtocol.swift */,
			);
			path = Repositories;
			sourceTree = "<group>";
		};
/* End PBXGroup section */

/* Begin PBXNativeTarget section */
		DE533870285AD6C900BF1DD3 /* GoSwift */ = {
			isa = PBXNativeTarget;
			buildConfigurationList = DE53389B285AD6C900BF1DD3 /* Build configuration list for PBXNativeTarget "GoSwift" */;
			buildPhases = (
				DE53386D285AD6C900BF1DD3 /* Sources */,
				DE53386E285AD6C900BF1DD3 /* Frameworks */,
				DE53386F285AD6C900BF1DD3 /* Resources */,
			);
			buildRules = (
			);
			dependencies = (
			);
			name = GoSwift;
			packageProductDependencies = (
				DE3EF5F5285D7C3300A8EE8E /* Swinject */,
			);
			productName = GoSwift;
			productReference = DE533871285AD6C900BF1DD3 /* GoSwift.app */;
			productType = "com.apple.product-type.application";
		};
		DE533886285AD6C900BF1DD3 /* GoSwiftTests */ = {
			isa = PBXNativeTarget;
			buildConfigurationList = DE53389E285AD6C900BF1DD3 /* Build configuration list for PBXNativeTarget "GoSwiftTests" */;
			buildPhases = (
				DE533883285AD6C900BF1DD3 /* Sources */,
				DE533884285AD6C900BF1DD3 /* Frameworks */,
				DE533885285AD6C900BF1DD3 /* Resources */,
			);
			buildRules = (
			);
			dependencies = (
				DE533889285AD6C900BF1DD3 /* PBXTargetDependency */,
			);
			name = GoSwiftTests;
			productName = GoSwiftTests;
			productReference = DE533887285AD6C900BF1DD3 /* GoSwiftTests.xctest */;
			productType = "com.apple.product-type.bundle.unit-test";
		};
		DE533890285AD6C900BF1DD3 /* GoSwiftUITests */ = {
			isa = PBXNativeTarget;
			buildConfigurationList = DE5338A1285AD6C900BF1DD3 /* Build configuration list for PBXNativeTarget "GoSwiftUITests" */;
			buildPhases = (
				DE53388D285AD6C900BF1DD3 /* Sources */,
				DE53388E285AD6C900BF1DD3 /* Frameworks */,
				DE53388F285AD6C900BF1DD3 /* Resources */,
			);
			buildRules = (
			);
			dependencies = (
				DE533893285AD6C900BF1DD3 /* PBXTargetDependency */,
			);
			name = GoSwiftUITests;
			productName = GoSwiftUITests;
			productReference = DE533891285AD6C900BF1DD3 /* GoSwiftUITests.xctest */;
			productType = "com.apple.product-type.bundle.ui-testing";
		};
/* End PBXNativeTarget section */

/* Begin PBXProject section */
		DE533869285AD6C900BF1DD3 /* Project object */ = {
			isa = PBXProject;
			attributes = {
				BuildIndependentTargetsInParallel = 1;
				LastSwiftUpdateCheck = 1400;
				LastUpgradeCheck = 1400;
				TargetAttributes = {
					DE533870285AD6C900BF1DD3 = {
						CreatedOnToolsVersion = 14.0;
					};
					DE533886285AD6C900BF1DD3 = {
						CreatedOnToolsVersion = 14.0;
						TestTargetID = DE533870285AD6C900BF1DD3;
					};
					DE533890285AD6C900BF1DD3 = {
						CreatedOnToolsVersion = 14.0;
						TestTargetID = DE533870285AD6C900BF1DD3;
					};
				};
			};
			buildConfigurationList = DE53386C285AD6C900BF1DD3 /* Build configuration list for PBXProject "GoSwift" */;
			compatibilityVersion = "Xcode 14.0";
			developmentRegion = en;
			hasScannedForEncodings = 0;
			knownRegions = (
				en,
				Base,
			);
			mainGroup = DE533868285AD6C900BF1DD3;
			packageReferences = (
				DE3EF5F4285D7C3300A8EE8E /* XCRemoteSwiftPackageReference "Swinject" */,
			);
			productRefGroup = DE533872285AD6C900BF1DD3 /* Products */;
			projectDirPath = "";
			projectRoot = "";
			targets = (
				DE533870285AD6C900BF1DD3 /* GoSwift */,
				DE533886285AD6C900BF1DD3 /* GoSwiftTests */,
				DE533890285AD6C900BF1DD3 /* GoSwiftUITests */,
			);
		};
/* End PBXProject section */

/* Begin PBXResourcesBuildPhase section */
		DE53386F285AD6C900BF1DD3 /* Resources */ = {
			isa = PBXResourcesBuildPhase;
			buildActionMask = 2147483647;
			files = (
				DE533882285AD6C900BF1DD3 /* Preview Assets.xcassets in Resources */,
				DE53387E285AD6C900BF1DD3 /* Assets.xcassets in Resources */,
			);
			runOnlyForDeploymentPostprocessing = 0;
		};
		DE533885285AD6C900BF1DD3 /* Resources */ = {
			isa = PBXResourcesBuildPhase;
			buildActionMask = 2147483647;
			files = (
			);
			runOnlyForDeploymentPostprocessing = 0;
		};
		DE53388F285AD6C900BF1DD3 /* Resources */ = {
			isa = PBXResourcesBuildPhase;
			buildActionMask = 2147483647;
			files = (
			);
			runOnlyForDeploymentPostprocessing = 0;
		};
/* End PBXResourcesBuildPhase section */

/* Begin PBXSourcesBuildPhase section */
		DE53386D285AD6C900BF1DD3 /* Sources */ = {
			isa = PBXSourcesBuildPhase;
			buildActionMask = 2147483647;
			files = (
				DE087B60285D70B4009F6477 /* SharedBikesListViewModel.swift in Sources */,
				DE5338B9285AD9BE00BF1DD3 /* RentalMethod.swift in Sources */,
				DE087B63285D7A2C009F6477 /* SharedBikesRepository.swift in Sources */,
				DE5338B7285AD9BE00BF1DD3 /* StationType.swift in Sources */,
				DE5338C2285BE2E400BF1DD3 /* BikeMapView.swift in Sources */,
				DE087B55285D3C40009F6477 /* CoreDataError.swift in Sources */,
				DE087B4D285D361F009F6477 /* Resolver.swift in Sources */,
				DE087B43285D2AE6009F6477 /* SharedBikesRepositoryProtocol.swift in Sources */,
				DE53387A285AD6C900BF1DD3 /* GoSwift.xcdatamodeld in Sources */,
				DE087B46285D2ED7009F6477 /* IocShareBikesContainer.swift in Sources */,
				DE5338B6285AD9BE00BF1DD3 /* RentalUris.swift in Sources */,
				DE5338A5285AD85B00BF1DD3 /* ContentView.swift in Sources */,
				DE087B41285D2A0D009F6477 /* GetAllSharedBikesUseCaseProtocol.swift in Sources */,
				DE087B58285D3E98009F6477 /* SharedBikesError.swift in Sources */,
				DE087B50285D3B07009F6477 /* SharedBikesDataSourceProtocol.swift in Sources */,
				DE5338C4285BF7D600BF1DD3 /* TestView.swift in Sources */,
				DE5338BA285AD9BE00BF1DD3 /* JSONSchemaSupport.swift in Sources */,
				DE5338BE285AD9BE00BF1DD3 /* SysInfoDataClass.swift in Sources */,
				DE5338BC285AD9BE00BF1DD3 /* StationDataClass.swift in Sources */,
				DE3EF5F8285D7F4B00A8EE8E /* NetworkSharedBikesDataSource.swift in Sources */,
				DE533875285AD6C900BF1DD3 /* GoSwiftApp.swift in Sources */,
				DE5338B8285AD9BE00BF1DD3 /* StationInfo.swift in Sources */,
				DE53387C285AD6C900BF1DD3 /* CoreDataView.swift in Sources */,
				DE5338B5285AD9BE00BF1DD3 /* SharedBikesViewModel.swift in Sources */,
				DE5338C8285C041C00BF1DD3 /* BikeListView.swift in Sources */,
				DE5338BF285AD9BE00BF1DD3 /* SystemInfo.swift in Sources */,
				DE5338BB285AD9BE00BF1DD3 /* Station.swift in Sources */,
				DE087B52285D3BA9009F6477 /* CoreDataWrapperProtocol.swift in Sources */,
				DE533877285AD6C900BF1DD3 /* Persistence.swift in Sources */,
				DE087B5A285D3F8C009F6477 /* SharedBikes.swift in Sources */,
				DE087B5E285D61C3009F6477 /* GetAllSharedBikes.swift in Sources */,
				DE5338BD285AD9BE00BF1DD3 /* SharedBikeService.swift in Sources */,
			);
			runOnlyForDeploymentPostprocessing = 0;
		};
		DE533883285AD6C900BF1DD3 /* Sources */ = {
			isa = PBXSourcesBuildPhase;
			buildActionMask = 2147483647;
			files = (
				DE53388C285AD6C900BF1DD3 /* GoSwiftTests.swift in Sources */,
			);
			runOnlyForDeploymentPostprocessing = 0;
		};
		DE53388D285AD6C900BF1DD3 /* Sources */ = {
			isa = PBXSourcesBuildPhase;
			buildActionMask = 2147483647;
			files = (
				DE533898285AD6C900BF1DD3 /* GoSwiftUITestsLaunchTests.swift in Sources */,
				DE533896285AD6C900BF1DD3 /* GoSwiftUITests.swift in Sources */,
			);
			runOnlyForDeploymentPostprocessing = 0;
		};
/* End PBXSourcesBuildPhase section */

/* Begin PBXTargetDependency section */
		DE533889285AD6C900BF1DD3 /* PBXTargetDependency */ = {
			isa = PBXTargetDependency;
			target = DE533870285AD6C900BF1DD3 /* GoSwift */;
			targetProxy = DE533888285AD6C900BF1DD3 /* PBXContainerItemProxy */;
		};
		DE533893285AD6C900BF1DD3 /* PBXTargetDependency */ = {
			isa = PBXTargetDependency;
			target = DE533870285AD6C900BF1DD3 /* GoSwift */;
			targetProxy = DE533892285AD6C900BF1DD3 /* PBXContainerItemProxy */;
		};
/* End PBXTargetDependency section */

/* Begin XCBuildConfiguration section */
		DE533899285AD6C900BF1DD3 /* Debug */ = {
			isa = XCBuildConfiguration;
			buildSettings = {
				ALWAYS_SEARCH_USER_PATHS = NO;
				CLANG_ANALYZER_NONNULL = YES;
				CLANG_ANALYZER_NUMBER_OBJECT_CONVERSION = YES_AGGRESSIVE;
				CLANG_CXX_LANGUAGE_STANDARD = "gnu++17";
				CLANG_ENABLE_MODULES = YES;
				CLANG_ENABLE_OBJC_ARC = YES;
				CLANG_ENABLE_OBJC_WEAK = YES;
				CLANG_WARN_BLOCK_CAPTURE_AUTORELEASING = YES;
				CLANG_WARN_BOOL_CONVERSION = YES;
				CLANG_WARN_COMMA = YES;
				CLANG_WARN_CONSTANT_CONVERSION = YES;
				CLANG_WARN_DEPRECATED_OBJC_IMPLEMENTATIONS = YES;
				CLANG_WARN_DIRECT_OBJC_ISA_USAGE = YES_ERROR;
				CLANG_WARN_DOCUMENTATION_COMMENTS = YES;
				CLANG_WARN_EMPTY_BODY = YES;
				CLANG_WARN_ENUM_CONVERSION = YES;
				CLANG_WARN_INFINITE_RECURSION = YES;
				CLANG_WARN_INT_CONVERSION = YES;
				CLANG_WARN_NON_LITERAL_NULL_CONVERSION = YES;
				CLANG_WARN_OBJC_IMPLICIT_RETAIN_SELF = YES;
				CLANG_WARN_OBJC_LITERAL_CONVERSION = YES;
				CLANG_WARN_OBJC_ROOT_CLASS = YES_ERROR;
				CLANG_WARN_QUOTED_INCLUDE_IN_FRAMEWORK_HEADER = YES;
				CLANG_WARN_RANGE_LOOP_ANALYSIS = YES;
				CLANG_WARN_STRICT_PROTOTYPES = YES;
				CLANG_WARN_SUSPICIOUS_MOVE = YES;
				CLANG_WARN_UNGUARDED_AVAILABILITY = YES_AGGRESSIVE;
				CLANG_WARN_UNREACHABLE_CODE = YES;
				CLANG_WARN__DUPLICATE_METHOD_MATCH = YES;
				COPY_PHASE_STRIP = NO;
				DEBUG_INFORMATION_FORMAT = dwarf;
				ENABLE_STRICT_OBJC_MSGSEND = YES;
				ENABLE_TESTABILITY = YES;
				GCC_C_LANGUAGE_STANDARD = gnu11;
				GCC_DYNAMIC_NO_PIC = NO;
				GCC_NO_COMMON_BLOCKS = YES;
				GCC_OPTIMIZATION_LEVEL = 0;
				GCC_PREPROCESSOR_DEFINITIONS = (
					"DEBUG=1",
					"$(inherited)",
				);
				GCC_WARN_64_TO_32_BIT_CONVERSION = YES;
				GCC_WARN_ABOUT_RETURN_TYPE = YES_ERROR;
				GCC_WARN_UNDECLARED_SELECTOR = YES;
				GCC_WARN_UNINITIALIZED_AUTOS = YES_AGGRESSIVE;
				GCC_WARN_UNUSED_FUNCTION = YES;
				GCC_WARN_UNUSED_VARIABLE = YES;
				MTL_ENABLE_DEBUG_INFO = INCLUDE_SOURCE;
				MTL_FAST_MATH = YES;
				ONLY_ACTIVE_ARCH = YES;
				SWIFT_ACTIVE_COMPILATION_CONDITIONS = DEBUG;
				SWIFT_OPTIMIZATION_LEVEL = "-Onone";
			};
			name = Debug;
		};
		DE53389A285AD6C900BF1DD3 /* Release */ = {
			isa = XCBuildConfiguration;
			buildSettings = {
				ALWAYS_SEARCH_USER_PATHS = NO;
				CLANG_ANALYZER_NONNULL = YES;
				CLANG_ANALYZER_NUMBER_OBJECT_CONVERSION = YES_AGGRESSIVE;
				CLANG_CXX_LANGUAGE_STANDARD = "gnu++17";
				CLANG_ENABLE_MODULES = YES;
				CLANG_ENABLE_OBJC_ARC = YES;
				CLANG_ENABLE_OBJC_WEAK = YES;
				CLANG_WARN_BLOCK_CAPTURE_AUTORELEASING = YES;
				CLANG_WARN_BOOL_CONVERSION = YES;
				CLANG_WARN_COMMA = YES;
				CLANG_WARN_CONSTANT_CONVERSION = YES;
				CLANG_WARN_DEPRECATED_OBJC_IMPLEMENTATIONS = YES;
				CLANG_WARN_DIRECT_OBJC_ISA_USAGE = YES_ERROR;
				CLANG_WARN_DOCUMENTATION_COMMENTS = YES;
				CLANG_WARN_EMPTY_BODY = YES;
				CLANG_WARN_ENUM_CONVERSION = YES;
				CLANG_WARN_INFINITE_RECURSION = YES;
				CLANG_WARN_INT_CONVERSION = YES;
				CLANG_WARN_NON_LITERAL_NULL_CONVERSION = YES;
				CLANG_WARN_OBJC_IMPLICIT_RETAIN_SELF = YES;
				CLANG_WARN_OBJC_LITERAL_CONVERSION = YES;
				CLANG_WARN_OBJC_ROOT_CLASS = YES_ERROR;
				CLANG_WARN_QUOTED_INCLUDE_IN_FRAMEWORK_HEADER = YES;
				CLANG_WARN_RANGE_LOOP_ANALYSIS = YES;
				CLANG_WARN_STRICT_PROTOTYPES = YES;
				CLANG_WARN_SUSPICIOUS_MOVE = YES;
				CLANG_WARN_UNGUARDED_AVAILABILITY = YES_AGGRESSIVE;
				CLANG_WARN_UNREACHABLE_CODE = YES;
				CLANG_WARN__DUPLICATE_METHOD_MATCH = YES;
				COPY_PHASE_STRIP = NO;
				DEBUG_INFORMATION_FORMAT = "dwarf-with-dsym";
				ENABLE_NS_ASSERTIONS = NO;
				ENABLE_STRICT_OBJC_MSGSEND = YES;
				GCC_C_LANGUAGE_STANDARD = gnu11;
				GCC_NO_COMMON_BLOCKS = YES;
				GCC_WARN_64_TO_32_BIT_CONVERSION = YES;
				GCC_WARN_ABOUT_RETURN_TYPE = YES_ERROR;
				GCC_WARN_UNDECLARED_SELECTOR = YES;
				GCC_WARN_UNINITIALIZED_AUTOS = YES_AGGRESSIVE;
				GCC_WARN_UNUSED_FUNCTION = YES;
				GCC_WARN_UNUSED_VARIABLE = YES;
				MTL_ENABLE_DEBUG_INFO = NO;
				MTL_FAST_MATH = YES;
				SWIFT_COMPILATION_MODE = wholemodule;
				SWIFT_OPTIMIZATION_LEVEL = "-O";
			};
			name = Release;
		};
		DE53389C285AD6C900BF1DD3 /* Debug */ = {
			isa = XCBuildConfiguration;
			buildSettings = {
				ASSETCATALOG_COMPILER_APPICON_NAME = AppIcon;
				ASSETCATALOG_COMPILER_GLOBAL_ACCENT_COLOR_NAME = AccentColor;
				CODE_SIGN_ENTITLEMENTS = GoSwift/GoSwift.entitlements;
				CODE_SIGN_STYLE = Automatic;
				CURRENT_PROJECT_VERSION = 1;
				DEVELOPMENT_ASSET_PATHS = "\"GoSwift/Preview Content\"";
				DEVELOPMENT_TEAM = 3F6FBJA4J7;
				ENABLE_HARDENED_RUNTIME = YES;
				ENABLE_PREVIEWS = YES;
				GENERATE_INFOPLIST_FILE = YES;
				"INFOPLIST_KEY_UILaunchScreen_Generation[sdk=iphoneos*]" = YES;
				"INFOPLIST_KEY_UILaunchScreen_Generation[sdk=iphonesimulator*]" = YES;
				INFOPLIST_KEY_UISupportedInterfaceOrientations_iPad = "UIInterfaceOrientationPortrait UIInterfaceOrientationPortraitUpsideDown UIInterfaceOrientationLandscapeLeft UIInterfaceOrientationLandscapeRight";
				INFOPLIST_KEY_UISupportedInterfaceOrientations_iPhone = "UIInterfaceOrientationPortrait UIInterfaceOrientationLandscapeLeft UIInterfaceOrientationLandscapeRight";
				IPHONEOS_DEPLOYMENT_TARGET = 16.0;
				LD_RUNPATH_SEARCH_PATHS = "@executable_path/Frameworks";
				"LD_RUNPATH_SEARCH_PATHS[sdk=macosx*]" = "@executable_path/../Frameworks";
				MACOSX_DEPLOYMENT_TARGET = 12.4;
				MARKETING_VERSION = 1.0;
				PRODUCT_BUNDLE_IDENTIFIER = com.ylabz.GoSwift;
				PRODUCT_NAME = "$(TARGET_NAME)";
				SDKROOT = auto;
				SUPPORTED_PLATFORMS = "iphoneos iphonesimulator macosx";
				SWIFT_EMIT_LOC_STRINGS = YES;
				SWIFT_VERSION = 5.0;
				TARGETED_DEVICE_FAMILY = "1,2";
			};
			name = Debug;
		};
		DE53389D285AD6C900BF1DD3 /* Release */ = {
			isa = XCBuildConfiguration;
			buildSettings = {
				ASSETCATALOG_COMPILER_APPICON_NAME = AppIcon;
				ASSETCATALOG_COMPILER_GLOBAL_ACCENT_COLOR_NAME = AccentColor;
				CODE_SIGN_ENTITLEMENTS = GoSwift/GoSwift.entitlements;
				CODE_SIGN_STYLE = Automatic;
				CURRENT_PROJECT_VERSION = 1;
				DEVELOPMENT_ASSET_PATHS = "\"GoSwift/Preview Content\"";
				DEVELOPMENT_TEAM = 3F6FBJA4J7;
				ENABLE_HARDENED_RUNTIME = YES;
				ENABLE_PREVIEWS = YES;
				GENERATE_INFOPLIST_FILE = YES;
				"INFOPLIST_KEY_UILaunchScreen_Generation[sdk=iphoneos*]" = YES;
				"INFOPLIST_KEY_UILaunchScreen_Generation[sdk=iphonesimulator*]" = YES;
				INFOPLIST_KEY_UISupportedInterfaceOrientations_iPad = "UIInterfaceOrientationPortrait UIInterfaceOrientationPortraitUpsideDown UIInterfaceOrientationLandscapeLeft UIInterfaceOrientationLandscapeRight";
				INFOPLIST_KEY_UISupportedInterfaceOrientations_iPhone = "UIInterfaceOrientationPortrait UIInterfaceOrientationLandscapeLeft UIInterfaceOrientationLandscapeRight";
				IPHONEOS_DEPLOYMENT_TARGET = 16.0;
				LD_RUNPATH_SEARCH_PATHS = "@executable_path/Frameworks";
				"LD_RUNPATH_SEARCH_PATHS[sdk=macosx*]" = "@executable_path/../Frameworks";
				MACOSX_DEPLOYMENT_TARGET = 12.4;
				MARKETING_VERSION = 1.0;
				PRODUCT_BUNDLE_IDENTIFIER = com.ylabz.GoSwift;
				PRODUCT_NAME = "$(TARGET_NAME)";
				SDKROOT = auto;
				SUPPORTED_PLATFORMS = "iphoneos iphonesimulator macosx";
				SWIFT_EMIT_LOC_STRINGS = YES;
				SWIFT_VERSION = 5.0;
				TARGETED_DEVICE_FAMILY = "1,2";
			};
			name = Release;
		};
		DE53389F285AD6C900BF1DD3 /* Debug */ = {
			isa = XCBuildConfiguration;
			buildSettings = {
				ALWAYS_EMBED_SWIFT_STANDARD_LIBRARIES = YES;
				BUNDLE_LOADER = "$(TEST_HOST)";
				CODE_SIGN_STYLE = Automatic;
				CURRENT_PROJECT_VERSION = 1;
				DEVELOPMENT_TEAM = 3F6FBJA4J7;
				GENERATE_INFOPLIST_FILE = YES;
				IPHONEOS_DEPLOYMENT_TARGET = 16.0;
				MACOSX_DEPLOYMENT_TARGET = 12.4;
				MARKETING_VERSION = 1.0;
				PRODUCT_BUNDLE_IDENTIFIER = com.ylabz.GoSwiftTests;
				PRODUCT_NAME = "$(TARGET_NAME)";
				SDKROOT = auto;
				SUPPORTED_PLATFORMS = "iphoneos iphonesimulator macosx";
				SWIFT_EMIT_LOC_STRINGS = NO;
				SWIFT_VERSION = 5.0;
				TARGETED_DEVICE_FAMILY = "1,2";
				TEST_HOST = "$(BUILT_PRODUCTS_DIR)/GoSwift.app/$(BUNDLE_EXECUTABLE_FOLDER_PATH)/GoSwift";
			};
			name = Debug;
		};
		DE5338A0285AD6C900BF1DD3 /* Release */ = {
			isa = XCBuildConfiguration;
			buildSettings = {
				ALWAYS_EMBED_SWIFT_STANDARD_LIBRARIES = YES;
				BUNDLE_LOADER = "$(TEST_HOST)";
				CODE_SIGN_STYLE = Automatic;
				CURRENT_PROJECT_VERSION = 1;
				DEVELOPMENT_TEAM = 3F6FBJA4J7;
				GENERATE_INFOPLIST_FILE = YES;
				IPHONEOS_DEPLOYMENT_TARGET = 16.0;
				MACOSX_DEPLOYMENT_TARGET = 12.4;
				MARKETING_VERSION = 1.0;
				PRODUCT_BUNDLE_IDENTIFIER = com.ylabz.GoSwiftTests;
				PRODUCT_NAME = "$(TARGET_NAME)";
				SDKROOT = auto;
				SUPPORTED_PLATFORMS = "iphoneos iphonesimulator macosx";
				SWIFT_EMIT_LOC_STRINGS = NO;
				SWIFT_VERSION = 5.0;
				TARGETED_DEVICE_FAMILY = "1,2";
				TEST_HOST = "$(BUILT_PRODUCTS_DIR)/GoSwift.app/$(BUNDLE_EXECUTABLE_FOLDER_PATH)/GoSwift";
			};
			name = Release;
		};
		DE5338A2285AD6C900BF1DD3 /* Debug */ = {
			isa = XCBuildConfiguration;
			buildSettings = {
				ALWAYS_EMBED_SWIFT_STANDARD_LIBRARIES = YES;
				CODE_SIGN_STYLE = Automatic;
				CURRENT_PROJECT_VERSION = 1;
				DEVELOPMENT_TEAM = 3F6FBJA4J7;
				GENERATE_INFOPLIST_FILE = YES;
				IPHONEOS_DEPLOYMENT_TARGET = 16.0;
				MACOSX_DEPLOYMENT_TARGET = 12.4;
				MARKETING_VERSION = 1.0;
				PRODUCT_BUNDLE_IDENTIFIER = com.ylabz.GoSwiftUITests;
				PRODUCT_NAME = "$(TARGET_NAME)";
				SDKROOT = auto;
				SUPPORTED_PLATFORMS = "iphoneos iphonesimulator macosx";
				SWIFT_EMIT_LOC_STRINGS = NO;
				SWIFT_VERSION = 5.0;
				TARGETED_DEVICE_FAMILY = "1,2";
				TEST_TARGET_NAME = GoSwift;
			};
			name = Debug;
		};
		DE5338A3285AD6C900BF1DD3 /* Release */ = {
			isa = XCBuildConfiguration;
			buildSettings = {
				ALWAYS_EMBED_SWIFT_STANDARD_LIBRARIES = YES;
				CODE_SIGN_STYLE = Automatic;
				CURRENT_PROJECT_VERSION = 1;
				DEVELOPMENT_TEAM = 3F6FBJA4J7;
				GENERATE_INFOPLIST_FILE = YES;
				IPHONEOS_DEPLOYMENT_TARGET = 16.0;
				MACOSX_DEPLOYMENT_TARGET = 12.4;
				MARKETING_VERSION = 1.0;
				PRODUCT_BUNDLE_IDENTIFIER = com.ylabz.GoSwiftUITests;
				PRODUCT_NAME = "$(TARGET_NAME)";
				SDKROOT = auto;
				SUPPORTED_PLATFORMS = "iphoneos iphonesimulator macosx";
				SWIFT_EMIT_LOC_STRINGS = NO;
				SWIFT_VERSION = 5.0;
				TARGETED_DEVICE_FAMILY = "1,2";
				TEST_TARGET_NAME = GoSwift;
			};
			name = Release;
		};
/* End XCBuildConfiguration section */

/* Begin XCConfigurationList section */
		DE53386C285AD6C900BF1DD3 /* Build configuration list for PBXProject "GoSwift" */ = {
			isa = XCConfigurationList;
			buildConfigurations = (
				DE533899285AD6C900BF1DD3 /* Debug */,
				DE53389A285AD6C900BF1DD3 /* Release */,
			);
			defaultConfigurationIsVisible = 0;
			defaultConfigurationName = Release;
		};
		DE53389B285AD6C900BF1DD3 /* Build configuration list for PBXNativeTarget "GoSwift" */ = {
			isa = XCConfigurationList;
			buildConfigurations = (
				DE53389C285AD6C900BF1DD3 /* Debug */,
				DE53389D285AD6C900BF1DD3 /* Release */,
			);
			defaultConfigurationIsVisible = 0;
			defaultConfigurationName = Release;
		};
		DE53389E285AD6C900BF1DD3 /* Build configuration list for PBXNativeTarget "GoSwiftTests" */ = {
			isa = XCConfigurationList;
			buildConfigurations = (
				DE53389F285AD6C900BF1DD3 /* Debug */,
				DE5338A0285AD6C900BF1DD3 /* Release */,
			);
			defaultConfigurationIsVisible = 0;
			defaultConfigurationName = Release;
		};
		DE5338A1285AD6C900BF1DD3 /* Build configuration list for PBXNativeTarget "GoSwiftUITests" */ = {
			isa = XCConfigurationList;
			buildConfigurations = (
				DE5338A2285AD6C900BF1DD3 /* Debug */,
				DE5338A3285AD6C900BF1DD3 /* Release */,
			);
			defaultConfigurationIsVisible = 0;
			defaultConfigurationName = Release;
		};
/* End XCConfigurationList section */

/* Begin XCRemoteSwiftPackageReference section */
		DE3EF5F4285D7C3300A8EE8E /* XCRemoteSwiftPackageReference "Swinject" */ = {
			isa = XCRemoteSwiftPackageReference;
			repositoryURL = "https://github.com/Swinject/Swinject";
			requirement = {
				branch = master;
				kind = branch;
			};
		};
/* End XCRemoteSwiftPackageReference section */

/* Begin XCSwiftPackageProductDependency section */
		DE3EF5F5285D7C3300A8EE8E /* Swinject */ = {
			isa = XCSwiftPackageProductDependency;
			package = DE3EF5F4285D7C3300A8EE8E /* XCRemoteSwiftPackageReference "Swinject" */;
			productName = Swinject;
		};
/* End XCSwiftPackageProductDependency section */

/* Begin XCVersionGroup section */
		DE533878285AD6C900BF1DD3 /* GoSwift.xcdatamodeld */ = {
			isa = XCVersionGroup;
			children = (
				DE533879285AD6C900BF1DD3 /* GoSwift.xcdatamodel */,
			);
			currentVersion = DE533879285AD6C900BF1DD3 /* GoSwift.xcdatamodel */;
			path = GoSwift.xcdatamodeld;
			sourceTree = "<group>";
			versionGroupType = wrapper.xcdatamodel;
		};
/* End XCVersionGroup section */
	};
	rootObject = DE533869285AD6C900BF1DD3 /* Project object */;
}
